<Solution>
  <Project Path="KhaozEngine.App/KhaozEngine.App.csproj" />
  <Project Path="KhaozEngine.Audio/KhaozEngine.Audio.csproj" />
  <Project Path="KhaozEngine.Collision/KhaozEngine.Collision.csproj" />
  <Project Path="KhaozEngine.Content/KhaozEngine.Content.csproj" />
  <Project Path="KhaozEngine.Commerce.Sqlite/KhaozEngine.Commerce.Sqlite.csproj" />
  <Project Path="KhaozEngine.Commerce.SqlServer/KhaozEngine.Commerce.SqlServer.csproj" />
  <Project Path="KhaozEngine.Commerce/KhaozEngine.Commerce.csproj" />
  <Project Path="KhaozEngine.Content.Validator/KhaozEngine.Content.Validator.csproj" />
  <Project Path="KhaozEngine.Determinism/KhaozEngine.Determinism.csproj" />
  <Project Path="KhaozEngine.Diagnostics/KhaozEngine.Diagnostics.csproj" />
  <Project Path="KhaozEngine.Dungeon/KhaozEngine.Dungeon.csproj" />
  <Project Path="KhaozEngine.Ecs/KhaozEngine.Ecs.csproj" />
  <Project Path="KhaozEngine.Game/KhaozEngine.Game.csproj" />
  <Project Path="KhaozEngine.Game.Render3D/KhaozEngine.Game.Render3D.csproj" />
  <Project Path="KhaozEngine.Foundation/KhaozEngine.Foundation.csproj" />
  <Project Path="KhaozEngine.Game2D/KhaozEngine.Game2D.csproj" />
  <Project Path="KhaozEngine.Game3D/KhaozEngine.Game3D.csproj" />
  <Project Path="KhaozEngine.Server/KhaozEngine.Server.csproj" />
  <Project Path="KhaozEngine.Server.Admin/KhaozEngine.Server.Admin.csproj" />
  <Project Path="KhaozEngine.Gpu/KhaozEngine.Gpu.csproj" />
  <Project Path="KhaozEngine.Gui/KhaozEngine.Gui.csproj" />
  <Project Path="KhaozEngine.Identity.Discord/KhaozEngine.Identity.Discord.csproj" />
  <Project Path="KhaozEngine.Identity.Oidc/KhaozEngine.Identity.Oidc.csproj" />
  <Project Path="KhaozEngine.Identity/KhaozEngine.Identity.csproj" />
  <Project Path="KhaozEngine.Imaging/KhaozEngine.Imaging.csproj" />
  <Project Path="KhaozEngine.Localization.Analyzers/KhaozEngine.Localization.Analyzers.csproj" />
  <Project Path="KhaozEngine.Localization.Analyzers.Tests/KhaozEngine.Localization.Analyzers.Tests.csproj" />
  <Project Path="KhaozEngine.Localization.TestKit/KhaozEngine.Localization.TestKit.csproj" />
  <Project Path="KhaozEngine.Locomotion/KhaozEngine.Locomotion.csproj" />
  <Project Path="KhaozEngine.MapDoc/KhaozEngine.MapDoc.csproj" />
  <Project Path="KhaozEngine.MapEditor/KhaozEngine.MapEditor.csproj" />
  <Project Path="KhaozEngine.NetWorld/KhaozEngine.NetWorld.csproj" />
  <Project Path="KhaozEngine.Navigation/KhaozEngine.Navigation.csproj" />
  <Project Path="KhaozEngine.Netcode.Abstractions/KhaozEngine.Netcode.Abstractions.csproj" />
  <Project Path="KhaozEngine.Netcode/KhaozEngine.Netcode.csproj" />
  <Project Path="KhaozEngine.Netcode.LiteNetLib/KhaozEngine.Netcode.LiteNetLib.csproj" />
  <Project Path="KhaozEngine.Netcode.DecouplingTests/KhaozEngine.Netcode.DecouplingTests.csproj" />
  <Project Path="KhaozEngine.Netcode.Abstractions.DecouplingTests/KhaozEngine.Netcode.Abstractions.DecouplingTests.csproj" />
  <Project Path="KhaozEngine.Objectives/KhaozEngine.Objectives.csproj" />
  <Project Path="KhaozEngine.Particles/KhaozEngine.Particles.csproj" />
  <Project Path="KhaozEngine.Particles.Render3D/KhaozEngine.Particles.Render3D.csproj" />
  <Project Path="KhaozEngine.Persistence/KhaozEngine.Persistence.csproj" />
  <Project Path="KhaozEngine.Physics/KhaozEngine.Physics.csproj" />
  <Project Path="KhaozEngine.Physics.Bepu/KhaozEngine.Physics.Bepu.csproj" />
  <Project Path="KhaozEngine.Physics.HeadlessLoaderTests/KhaozEngine.Physics.HeadlessLoaderTests.csproj" />
  <Project Path="KhaozEngine.Platform/KhaozEngine.Platform.csproj" />
  <Project Path="KhaozEngine.Primitives/KhaozEngine.Primitives.csproj" />
  <Project Path="KhaozEngine.Progression/KhaozEngine.Progression.csproj" />
  <Project Path="KhaozEngine.Replication/KhaozEngine.Replication.csproj" />
  <Project Path="KhaozEngine.Simulation/KhaozEngine.Simulation.csproj" />
  <Project Path="KhaozEngine.Sharding/KhaozEngine.Sharding.csproj" />
  <Project Path="KhaozEngine.WorldStore/KhaozEngine.WorldStore.csproj" />
  <Project Path="KhaozEngine.WorldStore.Sqlite/KhaozEngine.WorldStore.Sqlite.csproj" />
  <Project Path="KhaozEngine.WorldStore.SqlServer/KhaozEngine.WorldStore.SqlServer.csproj" />
  <Project Path="KhaozEngine.Render2D/KhaozEngine.Render2D.csproj" />
  <Project Path="KhaozEngine.Render3D/KhaozEngine.Render3D.csproj" />
  <Project Path="KhaozEngine.Telegraphs/KhaozEngine.Telegraphs.csproj" />
  <Project Path="KhaozEngine.Telegraphs.Render3D/KhaozEngine.Telegraphs.Render3D.csproj" />
  <Project Path="KhaozEngine.Terrain/KhaozEngine.Terrain.csproj" />
  <Project Path="KhaozEngine.Terrain.Render3D/KhaozEngine.Terrain.Render3D.csproj" />
  <Project Path="KhaozEngine.Serialization/KhaozEngine.Serialization.csproj" />
  <Project Path="KhaozEngine.Http/KhaozEngine.Http.csproj" />
  <Project Path="KhaozEngine.ServerStatus/KhaozEngine.ServerStatus.csproj" />
  <Project Path="KhaozEngine.Social/KhaozEngine.Social.csproj" />
  <Project Path="KhaozEngine.Social.Discord/KhaozEngine.Social.Discord.csproj" />
  <Project Path="KhaozEngine.Sfx.Tool/KhaozEngine.Sfx.Tool.csproj" />
  <Project Path="KhaozEngine.PropSurface.Tool/KhaozEngine.PropSurface.Tool.csproj" />
  <Project Path="KhaozEngine.MapEdit.Tool/KhaozEngine.MapEdit.Tool.csproj" />
  <Project Path="KhaozEngine.Snapshot/KhaozEngine.Snapshot.csproj" />
  <Project Path="KhaozEngine.Snapshot.Render3D/KhaozEngine.Snapshot.Render3D.csproj" />
  <Project Path="KhaozEngine.Tests/KhaozEngine.Tests.csproj" />
  <Project Path="KhaozEngine.Windowing/KhaozEngine.Windowing.csproj" />
  <Project Path="KhaozEngine.Updates/KhaozEngine.Updates.csproj" />
  <Project Path="KhaozEngine.Updates.Tool/KhaozEngine.Updates.Tool.csproj" />
  <Project Path="KhaozEngine.Showcase/KhaozEngine.Showcase.csproj" />
  <Project Path="SnapshotTool/SnapshotTool.csproj" />
  <Project Path="MmoServerSample/MmoServerSample.csproj" />
  <Project Path="KhaozEngine.Benchmarks/KhaozEngine.Benchmarks.csproj" />
  <Project Path="tools/PixelLabSheetAssembler/PixelLabSheetAssembler.csproj" />
  <Project Path="tools/PixelLabSheetAssembler.Tests/PixelLabSheetAssembler.Tests.csproj" />
  <Project Path="tools/KeDungeon/KeDungeon.csproj" />
  <Project Path="tools/KeDungeon.Tests/KeDungeon.Tests.csproj" />
  <Project Path="KhaozEngine.Physics.AotProbe/KhaozEngine.Physics.AotProbe.csproj" />
  <Project Path="KhaozEngine.Server.AotProbe/KhaozEngine.Server.AotProbe.csproj" />
</Solution>
