<Solution>
  <Project Path="KhaozEngine.App/KhaozEngine.App.csproj" />
  <Project Path="KhaozEngine.Audio/KhaozEngine.Audio.csproj" />
  <Project Path="KhaozEngine.Collision/KhaozEngine.Collision.csproj" />
  <Project Path="KhaozEngine.Content/KhaozEngine.Content.csproj" />
  <Project Path="KhaozEngine.Content.Validator/KhaozEngine.Content.Validator.csproj" />
  <Project Path="KhaozEngine.Diagnostics/KhaozEngine.Diagnostics.csproj" />
  <Project Path="KhaozEngine.Ecs/KhaozEngine.Ecs.csproj" />
  <Project Path="KhaozEngine.Effects/KhaozEngine.Effects.csproj" />
  <Project Path="KhaozEngine.Graphics/KhaozEngine.Graphics.csproj" />
  <Project Path="KhaozEngine.Input/KhaozEngine.Input.csproj" />
  <Project Path="KhaozEngine.Localization/KhaozEngine.Localization.csproj" />
  <Project Path="KhaozEngine.Netcode/KhaozEngine.Netcode.csproj" />
  <Project Path="KhaozEngine.Netcode.LiteNetLib/KhaozEngine.Netcode.LiteNetLib.csproj" />
  <Project Path="KhaozEngine.Persistence/KhaozEngine.Persistence.csproj" />
  <Project Path="KhaozEngine.Platform/KhaozEngine.Platform.csproj" />
  <Project Path="KhaozEngine.Pooling/KhaozEngine.Pooling.csproj" />
  <Project Path="KhaozEngine.Screens/KhaozEngine.Screens.csproj" />
  <Project Path="KhaozEngine.Serialization/KhaozEngine.Serialization.csproj" />
  <Project Path="KhaozEngine.Sprites/KhaozEngine.Sprites.csproj" />
  <Project Path="KhaozEngine.Tests/KhaozEngine.Tests.csproj" />
  <Project Path="KhaozEngine.Time/KhaozEngine.Time.csproj" />
  <Project Path="KhaozEngine.UI/KhaozEngine.UI.csproj" />
  <Project Path="KhaozEngine.Updates/KhaozEngine.Updates.csproj" />
  <Project Path="tools/PixelLabSheetAssembler/PixelLabSheetAssembler.csproj" />
  <Project Path="tools/PixelLabSheetAssembler.Tests/PixelLabSheetAssembler.Tests.csproj" />
</Solution>
